
Microsoft Visual Studio Solution File, Format Version 12.00
# Visual Studio 15
VisualStudioVersion = 15.0.28307.852
MinimumVisualStudioVersion = 10.0.40219.1
Project("{FAE04EC0-301F-11D3-BF4B-00C04F79EFBC}") = "DotsAndBoxes", "DotsAndBoxes.csproj", "{4B48A8A0-9039-4D47-B35D-48DE4CC1EA8C}"
EndProject
Global
	GlobalSection(SolutionConfigurationPlatforms) = preSolution
		Debug|x86 = Debug|x86
		Release|x86 = Release|x86
	EndGlobalSection
	GlobalSection(ProjectConfigurationPlatforms) = postSolution
		{4B48A8A0-9039-4D47-B35D-48DE4CC1EA8C}.Debug|x86.ActiveCfg = Debug|x86
		{4B48A8A0-9039-4D47-B35D-48DE4CC1EA8C}.Debug|x86.Build.0 = Debug|x86
		{4B48A8A0-9039-4D47-B35D-48DE4CC1EA8C}.Release|x86.ActiveCfg = Release|x86
		{4B48A8A0-9039-4D47-B35D-48DE4CC1EA8C}.Release|x86.Build.0 = Release|x86
	EndGlobalSection
	GlobalSection(SolutionProperties) = preSolution
		HideSolutionNode = FALSE
	EndGlobalSection
	GlobalSection(ExtensibilityGlobals) = postSolution
		SolutionGuid = {80C9DB12-6E38-4F15-8BDC-CCED786658E1}
	EndGlobalSection
EndGlobal
